// !$*UTF8*$!
{
	archiveVersion = 1;
	classes = {
	};
	objectVersion = 46;
	objects = {

/* Begin PBXBuildFile section */
		21925E6E1AAACCC0002C66E2 /* AppDelegate.swift in Sources */ = {isa = PBXBuildFile; fileRef = 21925E6D1AAACCC0002C66E2 /* AppDelegate.swift */; };
		21925E701AAACCC0002C66E2 /* ViewController.swift in Sources */ = {isa = PBXBuildFile; fileRef = 21925E6F1AAACCC0002C66E2 /* ViewController.swift */; };
		21925E731AAACCC0002C66E2 /* Main.storyboard in Resources */ = {isa = PBXBuildFile; fileRef = 21925E711AAACCC0002C66E2 /* Main.storyboard */; };
		21925E751AAACCC0002C66E2 /* Images.xcassets in Resources */ = {isa = PBXBuildFile; fileRef = 21925E741AAACCC0002C66E2 /* Images.xcassets */; };
		21925E781AAACCC0002C66E2 /* LaunchScreen.xib in Resources */ = {isa = PBXBuildFile; fileRef = 21925E761AAACCC0002C66E2 /* LaunchScreen.xib */; };
		21925E841AAACCC0002C66E2 /* AnvilTimesTests.swift in Sources */ = {isa = PBXBuildFile; fileRef = 21925E831AAACCC0002C66E2 /* AnvilTimesTests.swift */; };
		21E419F21AAADD87001505A5 /* EventKit.framework in Frameworks */ = {isa = PBXBuildFile; fileRef = 21E419F11AAADD87001505A5 /* EventKit.framework */; };
		21E419F41AAADD8E001505A5 /* EventKitUI.framework in Frameworks */ = {isa = PBXBuildFile; fileRef = 21E419F31AAADD8E001505A5 /* EventKitUI.framework */; };
		21E41A0E1AAB7511001505A5 /* Alamofire.framework in Frameworks */ = {isa = PBXBuildFile; fileRef = 21E41A0D1AAB7511001505A5 /* Alamofire.framework */; };
		21E41A121AAB7BBA001505A5 /* Alamofire.framework in Embed Frameworks */ = {isa = PBXBuildFile; fileRef = 21E41A0D1AAB7511001505A5 /* Alamofire.framework */; settings = {ATTRIBUTES = (CodeSignOnCopy, RemoveHeadersOnCopy, ); }; };
/* End PBXBuildFile section */

/* Begin PBXContainerItemProxy section */
		21925E7E1AAACCC0002C66E2 /* PBXContainerItemProxy */ = {
			isa = PBXContainerItemProxy;
			containerPortal = 21925E601AAACCBF002C66E2 /* Project object */;
			proxyType = 1;
			remoteGlobalIDString = 21925E671AAACCBF002C66E2;
			remoteInfo = AnvilTimes;
		};
/* End PBXContainerItemProxy section */

/* Begin PBXCopyFilesBuildPhase section */
		21E41A111AAB7BA4001505A5 /* Embed Frameworks */ = {
			isa = PBXCopyFilesBuildPhase;
			buildActionMask = 2147483647;
			dstPath = "";
			dstSubfolderSpec = 10;
			files = (
				21E41A121AAB7BBA001505A5 /* Alamofire.framework in Embed Frameworks */,
			);
			name = "Embed Frameworks";
			runOnlyForDeploymentPostprocessing = 0;
		};
/* End PBXCopyFilesBuildPhase section */

/* Begin PBXFileReference section */
		21925E681AAACCBF002C66E2 /* AnvilTimes.app */ = {isa = PBXFileReference; explicitFileType = wrapper.application; includeInIndex = 0; path = AnvilTimes.app; sourceTree = BUILT_PRODUCTS_DIR; };
		21925E6C1AAACCC0002C66E2 /* Info.plist */ = {isa = PBXFileReference; lastKnownFileType = text.plist.xml; path = Info.plist; sourceTree = "<group>"; };
		21925E6D1AAACCC0002C66E2 /* AppDelegate.swift */ = {isa = PBXFileReference; lastKnownFileType = sourcecode.swift; path = AppDelegate.swift; sourceTree = "<group>"; };
		21925E6F1AAACCC0002C66E2 /* ViewController.swift */ = {isa = PBXFileReference; lastKnownFileType = sourcecode.swift; path = ViewController.swift; sourceTree = "<group>"; };
		21925E721AAACCC0002C66E2 /* Base */ = {isa = PBXFileReference; lastKnownFileType = file.storyboard; name = Base; path = Base.lproj/Main.storyboard; sourceTree = "<group>"; };
		21925E741AAACCC0002C66E2 /* Images.xcassets */ = {isa = PBXFileReference; lastKnownFileType = folder.assetcatalog; path = Images.xcassets; sourceTree = "<group>"; };
		21925E771AAACCC0002C66E2 /* Base */ = {isa = PBXFileReference; lastKnownFileType = file.xib; name = Base; path = Base.lproj/LaunchScreen.xib; sourceTree = "<group>"; };
		21925E7D1AAACCC0002C66E2 /* AnvilTimesTests.xctest */ = {isa = PBXFileReference; explicitFileType = wrapper.cfbundle; includeInIndex = 0; path = AnvilTimesTests.xctest; sourceTree = BUILT_PRODUCTS_DIR; };
		21925E821AAACCC0002C66E2 /* Info.plist */ = {isa = PBXFileReference; lastKnownFileType = text.plist.xml; path = Info.plist; sourceTree = "<group>"; };
		21925E831AAACCC0002C66E2 /* AnvilTimesTests.swift */ = {isa = PBXFileReference; lastKnownFileType = sourcecode.swift; path = AnvilTimesTests.swift; sourceTree = "<group>"; };
		21E419F11AAADD87001505A5 /* EventKit.framework */ = {isa = PBXFileReference; lastKnownFileType = wrapper.framework; name = EventKit.framework; path = System/Library/Frameworks/EventKit.framework; sourceTree = SDKROOT; };
		21E419F31AAADD8E001505A5 /* EventKitUI.framework */ = {isa = PBXFileReference; lastKnownFileType = wrapper.framework; name = EventKitUI.framework; path = System/Library/Frameworks/EventKitUI.framework; sourceTree = SDKROOT; };
		21E41A0D1AAB7511001505A5 /* Alamofire.framework */ = {isa = PBXFileReference; lastKnownFileType = wrapper.framework; name = Alamofire.framework; path = Frameworks/Alamofire.framework; sourceTree = "<group>"; };
/* End PBXFileReference section */

/* Begin PBXFrameworksBuildPhase section */
		21925E651AAACCBF002C66E2 /* Frameworks */ = {
			isa = PBXFrameworksBuildPhase;
			buildActionMask = 2147483647;
			files = (
				21E41A0E1AAB7511001505A5 /* Alamofire.framework in Frameworks */,
				21E419F41AAADD8E001505A5 /* EventKitUI.framework in Frameworks */,
				21E419F21AAADD87001505A5 /* EventKit.framework in Frameworks */,
			);
			runOnlyForDeploymentPostprocessing = 0;
		};
		21925E7A1AAACCC0002C66E2 /* Frameworks */ = {
			isa = PBXFrameworksBuildPhase;
			buildActionMask = 2147483647;
			files = (
			);
			runOnlyForDeploymentPostprocessing = 0;
		};
/* End PBXFrameworksBuildPhase section */

/* Begin PBXGroup section */
		21925E5F1AAACCBF002C66E2 = {
			isa = PBXGroup;
			children = (
				21E41A0D1AAB7511001505A5 /* Alamofire.framework */,
				21E419F31AAADD8E001505A5 /* EventKitUI.framework */,
				21E419F11AAADD87001505A5 /* EventKit.framework */,
				21925E6A1AAACCBF002C66E2 /* AnvilTimes */,
				21925E801AAACCC0002C66E2 /* AnvilTimesTests */,
				21925E691AAACCBF002C66E2 /* Products */,
			);
			sourceTree = "<group>";
		};
		21925E691AAACCBF002C66E2 /* Products */ = {
			isa = PBXGroup;
			children = (
				21925E681AAACCBF002C66E2 /* AnvilTimes.app */,
				21925E7D1AAACCC0002C66E2 /* AnvilTimesTests.xctest */,
			);
			name = Products;
			sourceTree = "<group>";
		};
		21925E6A1AAACCBF002C66E2 /* AnvilTimes */ = {
			isa = PBXGroup;
			children = (
				21925E6D1AAACCC0002C66E2 /* AppDelegate.swift */,
				21925E6F1AAACCC0002C66E2 /* ViewController.swift */,
				21925E711AAACCC0002C66E2 /* Main.storyboard */,
				21925E741AAACCC0002C66E2 /* Images.xcassets */,
				21925E761AAACCC0002C66E2 /* LaunchScreen.xib */,
				21925E6B1AAACCC0002C66E2 /* Supporting Files */,
			);
			path = AnvilTimes;
			sourceTree = "<group>";
		};
		21925E6B1AAACCC0002C66E2 /* Supporting Files */ = {
			isa = PBXGroup;
			children = (
				21925E6C1AAACCC0002C66E2 /* Info.plist */,
			);
			name = "Supporting Files";
			sourceTree = "<group>";
		};
		21925E801AAACCC0002C66E2 /* AnvilTimesTests */ = {
			isa = PBXGroup;
			children = (
				21925E831AAACCC0002C66E2 /* AnvilTimesTests.swift */,
				21925E811AAACCC0002C66E2 /* Supporting Files */,
			);
			path = AnvilTimesTests;
			sourceTree = "<group>";
		};
		21925E811AAACCC0002C66E2 /* Supporting Files */ = {
			isa = PBXGroup;
			children = (
				21925E821AAACCC0002C66E2 /* Info.plist */,
			);
			name = "Supporting Files";
			sourceTree = "<group>";
		};
/* End PBXGroup section */

/* Begin PBXNativeTarget section */
		21925E671AAACCBF002C66E2 /* AnvilTimes */ = {
			isa = PBXNativeTarget;
			buildConfigurationList = 21925E871AAACCC0002C66E2 /* Build configuration list for PBXNativeTarget "AnvilTimes" */;
			buildPhases = (
				21925E641AAACCBF002C66E2 /* Sources */,
				21925E651AAACCBF002C66E2 /* Frameworks */,
				21925E661AAACCBF002C66E2 /* Resources */,
				21E41A111AAB7BA4001505A5 /* Embed Frameworks */,
			);
			buildRules = (
			);
			dependencies = (
			);
			name = AnvilTimes;
			productName = AnvilTimes;
			productReference = 21925E681AAACCBF002C66E2 /* AnvilTimes.app */;
			productType = "com.apple.product-type.application";
		};
		21925E7C1AAACCC0002C66E2 /* AnvilTimesTests */ = {
			isa = PBXNativeTarget;
			buildConfigurationList = 21925E8A1AAACCC0002C66E2 /* Build configuration list for PBXNativeTarget "AnvilTimesTests" */;
			buildPhases = (
				21925E791AAACCC0002C66E2 /* Sources */,
				21925E7A1AAACCC0002C66E2 /* Frameworks */,
				21925E7B1AAACCC0002C66E2 /* Resources */,
			);
			buildRules = (
			);
			dependencies = (
				21925E7F1AAACCC0002C66E2 /* PBXTargetDependency */,
			);
			name = AnvilTimesTests;
			productName = AnvilTimesTests;
			productReference = 21925E7D1AAACCC0002C66E2 /* AnvilTimesTests.xctest */;
			productType = "com.apple.product-type.bundle.unit-test";
		};
/* End PBXNativeTarget section */

/* Begin PBXProject section */
		21925E601AAACCBF002C66E2 /* Project object */ = {
			isa = PBXProject;
			attributes = {
				LastUpgradeCheck = 0610;
				ORGANIZATIONNAME = Thacked;
				TargetAttributes = {
					21925E671AAACCBF002C66E2 = {
						CreatedOnToolsVersion = 6.1.1;
						DevelopmentTeam = 7A9LG5LNH6;
					};
					21925E7C1AAACCC0002C66E2 = {
						CreatedOnToolsVersion = 6.1.1;
						TestTargetID = 21925E671AAACCBF002C66E2;
					};
				};
			};
			buildConfigurationList = 21925E631AAACCBF002C66E2 /* Build configuration list for PBXProject "AnvilTimes" */;
			compatibilityVersion = "Xcode 3.2";
			developmentRegion = English;
			hasScannedForEncodings = 0;
			knownRegions = (
				en,
				Base,
			);
			mainGroup = 21925E5F1AAACCBF002C66E2;
			productRefGroup = 21925E691AAACCBF002C66E2 /* Products */;
			projectDirPath = "";
			projectRoot = "";
			targets = (
				21925E671AAACCBF002C66E2 /* AnvilTimes */,
				21925E7C1AAACCC0002C66E2 /* AnvilTimesTests */,
			);
		};
/* End PBXProject section */

/* Begin PBXResourcesBuildPhase section */
		21925E661AAACCBF002C66E2 /* Resources */ = {
			isa = PBXResourcesBuildPhase;
			buildActionMask = 2147483647;
			files = (
				21925E731AAACCC0002C66E2 /* Main.storyboard in Resources */,
				21925E781AAACCC0002C66E2 /* LaunchScreen.xib in Resources */,
				21925E751AAACCC0002C66E2 /* Images.xcassets in Resources */,
			);
			runOnlyForDeploymentPostprocessing = 0;
		};
		21925E7B1AAACCC0002C66E2 /* Resources */ = {
			isa = PBXResourcesBuildPhase;
			buildActionMask = 2147483647;
			files = (
			);
			runOnlyForDeploymentPostprocessing = 0;
		};
/* End PBXResourcesBuildPhase section */

/* Begin PBXSourcesBuildPhase section */
		21925E641AAACCBF002C66E2 /* Sources */ = {
			isa = PBXSourcesBuildPhase;
			buildActionMask = 2147483647;
			files = (
				21925E701AAACCC0002C66E2 /* ViewController.swift in Sources */,
				21925E6E1AAACCC0002C66E2 /* AppDelegate.swift in Sources */,
			);
			runOnlyForDeploymentPostprocessing = 0;
		};
		21925E791AAACCC0002C66E2 /* Sources */ = {
			isa = PBXSourcesBuildPhase;
			buildActionMask = 2147483647;
			files = (
				21925E841AAACCC0002C66E2 /* AnvilTimesTests.swift in Sources */,
			);
			runOnlyForDeploymentPostprocessing = 0;
		};
/* End PBXSourcesBuildPhase section */

/* Begin PBXTargetDependency section */
		21925E7F1AAACCC0002C66E2 /* PBXTargetDependency */ = {
			isa = PBXTargetDependency;
			target = 21925E671AAACCBF002C66E2 /* AnvilTimes */;
			targetProxy = 21925E7E1AAACCC0002C66E2 /* PBXContainerItemProxy */;
		};
/* End PBXTargetDependency section */

/* Begin PBXVariantGroup section */
		21925E711AAACCC0002C66E2 /* Main.storyboard */ = {
			isa = PBXVariantGroup;
			children = (
				21925E721AAACCC0002C66E2 /* Base */,
			);
			name = Main.storyboard;
			sourceTree = "<group>";
		};
		21925E761AAACCC0002C66E2 /* LaunchScreen.xib */ = {
			isa = PBXVariantGroup;
			children = (
				21925E771AAACCC0002C66E2 /* Base */,
			);
			name = LaunchScreen.xib;
			sourceTree = "<group>";
		};
/* End PBXVariantGroup section */

/* Begin XCBuildConfiguration section */
		21925E851AAACCC0002C66E2 /* Debug */ = {
			isa = XCBuildConfiguration;
			buildSettings = {
				ALWAYS_SEARCH_USER_PATHS = NO;
				CLANG_CXX_LANGUAGE_STANDARD = "gnu++0x";
				CLANG_CXX_LIBRARY = "libc++";
				CLANG_ENABLE_MODULES = YES;
				CLANG_ENABLE_OBJC_ARC = YES;
				CLANG_WARN_BOOL_CONVERSION = YES;
				CLANG_WARN_CONSTANT_CONVERSION = YES;
				CLANG_WARN_DIRECT_OBJC_ISA_USAGE = YES_ERROR;
				CLANG_WARN_EMPTY_BODY = YES;
				CLANG_WARN_ENUM_CONVERSION = YES;
				CLANG_WARN_INT_CONVERSION = YES;
				CLANG_WARN_OBJC_ROOT_CLASS = YES_ERROR;
				CLANG_WARN_UNREACHABLE_CODE = YES;
				CLANG_WARN__DUPLICATE_METHOD_MATCH = YES;
				"CODE_SIGN_IDENTITY[sdk=iphoneos*]" = "iPhone Developer";
				COPY_PHASE_STRIP = NO;
				ENABLE_STRICT_OBJC_MSGSEND = YES;
				GCC_C_LANGUAGE_STANDARD = gnu99;
				GCC_DYNAMIC_NO_PIC = NO;
				GCC_OPTIMIZATION_LEVEL = 0;
				GCC_PREPROCESSOR_DEFINITIONS = (
					"DEBUG=1",
					"$(inherited)",
				);
				GCC_SYMBOLS_PRIVATE_EXTERN = NO;
				GCC_WARN_64_TO_32_BIT_CONVERSION = YES;
				GCC_WARN_ABOUT_RETURN_TYPE = YES_ERROR;
				GCC_WARN_UNDECLARED_SELECTOR = YES;
				GCC_WARN_UNINITIALIZED_AUTOS = YES_AGGRESSIVE;
				GCC_WARN_UNUSED_FUNCTION = YES;
				GCC_WARN_UNUSED_VARIABLE = YES;
				IPHONEOS_DEPLOYMENT_TARGET = 8.1;
				MTL_ENABLE_DEBUG_INFO = YES;
				ONLY_ACTIVE_ARCH = YES;
				SDKROOT = iphoneos;
				SWIFT_OPTIMIZATION_LEVEL = "-Onone";
				TARGETED_DEVICE_FAMILY = "1,2";
			};
			name = Debug;
		};
		21925E861AAACCC0002C66E2 /* Release */ = {
			isa = XCBuildConfiguration;
			buildSettings = {
				ALWAYS_SEARCH_USER_PATHS = NO;
				CLANG_CXX_LANGUAGE_STANDARD = "gnu++0x";
				CLANG_CXX_LIBRARY = "libc++";
				CLANG_ENABLE_MODULES = YES;
				CLANG_ENABLE_OBJC_ARC = YES;
				CLANG_WARN_BOOL_CONVERSION = YES;
				CLANG_WARN_CONSTANT_CONVERSION = YES;
				CLANG_WARN_DIRECT_OBJC_ISA_USAGE = YES_ERROR;
				CLANG_WARN_EMPTY_BODY = YES;
				CLANG_WARN_ENUM_CONVERSION = YES;
				CLANG_WARN_INT_CONVERSION = YES;
				CLANG_WARN_OBJC_ROOT_CLASS = YES_ERROR;
				CLANG_WARN_UNREACHABLE_CODE = YES;
				CLANG_WARN__DUPLICATE_METHOD_MATCH = YES;
				"CODE_SIGN_IDENTITY[sdk=iphoneos*]" = "iPhone Developer";
				COPY_PHASE_STRIP = YES;
				ENABLE_NS_ASSERTIONS = NO;
				ENABLE_STRICT_OBJC_MSGSEND = YES;
				GCC_C_LANGUAGE_STANDARD = gnu99;
				GCC_WARN_64_TO_32_BIT_CONVERSION = YES;
				GCC_WARN_ABOUT_RETURN_TYPE = YES_ERROR;
				GCC_WARN_UNDECLARED_SELECTOR = YES;
				GCC_WARN_UNINITIALIZED_AUTOS = YES_AGGRESSIVE;
				GCC_WARN_UNUSED_FUNCTION = YES;
				GCC_WARN_UNUSED_VARIABLE = YES;
				IPHONEOS_DEPLOYMENT_TARGET = 8.1;
				MTL_ENABLE_DEBUG_INFO = NO;
				SDKROOT = iphoneos;
				TARGETED_DEVICE_FAMILY = "1,2";
				VALIDATE_PRODUCT = YES;
			};
			name = Release;
		};
		21925E881AAACCC0002C66E2 /* Debug */ = {
			isa = XCBuildConfiguration;
			buildSettings = {
				ASSETCATALOG_COMPILER_APPICON_NAME = AppIcon;
				FRAMEWORK_SEARCH_PATHS = (
					"$(inherited)",
					"$(PROJECT_DIR)/Frameworks",
				);
				INFOPLIST_FILE = AnvilTimes/Info.plist;
				IPHONEOS_DEPLOYMENT_TARGET = 8.1;
				LD_RUNPATH_SEARCH_PATHS = "$(inherited) @executable_path/Frameworks";
				New_Setting = "";
				PRODUCT_NAME = "$(TARGET_NAME)";
			};
			name = Debug;
		};
		21925E891AAACCC0002C66E2 /* Release */ = {
			isa = XCBuildConfiguration;
			buildSettings = {
				ASSETCATALOG_COMPILER_APPICON_NAME = AppIcon;
				FRAMEWORK_SEARCH_PATHS = (
					"$(inherited)",
					"$(PROJECT_DIR)/Frameworks",
				);
				INFOPLIST_FILE = AnvilTimes/Info.plist;
				IPHONEOS_DEPLOYMENT_TARGET = 8.1;
				LD_RUNPATH_SEARCH_PATHS = "$(inherited) @executable_path/Frameworks";
				New_Setting = "";
				PRODUCT_NAME = "$(TARGET_NAME)";
			};
			name = Release;
		};
		21925E8B1AAACCC0002C66E2 /* Debug */ = {
			isa = XCBuildConfiguration;
			buildSettings = {
				BUNDLE_LOADER = "$(TEST_HOST)";
				FRAMEWORK_SEARCH_PATHS = (
					"$(SDKROOT)/Developer/Library/Frameworks",
					"$(inherited)",
				);
				GCC_PREPROCESSOR_DEFINITIONS = (
					"DEBUG=1",
					"$(inherited)",
				);
				INFOPLIST_FILE = AnvilTimesTests/Info.plist;
				LD_RUNPATH_SEARCH_PATHS = "$(inherited) @executable_path/Frameworks @loader_path/Frameworks";
				PRODUCT_NAME = "$(TARGET_NAME)";
				TEST_HOST = "$(BUILT_PRODUCTS_DIR)/AnvilTimes.app/AnvilTimes";
			};
			name = Debug;
		};
		21925E8C1AAACCC0002C66E2 /* Release */ = {
			isa = XCBuildConfiguration;
			buildSettings = {
				BUNDLE_LOADER = "$(TEST_HOST)";
				FRAMEWORK_SEARCH_PATHS = (
					"$(SDKROOT)/Developer/Library/Frameworks",
					"$(inherited)",
				);
				INFOPLIST_FILE = AnvilTimesTests/Info.plist;
				LD_RUNPATH_SEARCH_PATHS = "$(inherited) @executable_path/Frameworks @loader_path/Frameworks";
				PRODUCT_NAME = "$(TARGET_NAME)";
				TEST_HOST = "$(BUILT_PRODUCTS_DIR)/AnvilTimes.app/AnvilTimes";
			};
			name = Release;
		};
/* End XCBuildConfiguration section */

/* Begin XCConfigurationList section */
		21925E631AAACCBF002C66E2 /* Build configuration list for PBXProject "AnvilTimes" */ = {
			isa = XCConfigurationList;
			buildConfigurations = (
				21925E851AAACCC0002C66E2 /* Debug */,
				21925E861AAACCC0002C66E2 /* Release */,
			);
			defaultConfigurationIsVisible = 0;
			defaultConfigurationName = Release;
		};
		21925E871AAACCC0002C66E2 /* Build configuration list for PBXNativeTarget "AnvilTimes" */ = {
			isa = XCConfigurationList;
			buildConfigurations = (
				21925E881AAACCC0002C66E2 /* Debug */,
				21925E891AAACCC0002C66E2 /* Release */,
			);
			defaultConfigurationIsVisible = 0;
			defaultConfigurationName = Release;
		};
		21925E8A1AAACCC0002C66E2 /* Build configuration list for PBXNativeTarget "AnvilTimesTests" */ = {
			isa = XCConfigurationList;
			buildConfigurations = (
				21925E8B1AAACCC0002C66E2 /* Debug */,
				21925E8C1AAACCC0002C66E2 /* Release */,
			);
			defaultConfigurationIsVisible = 0;
			defaultConfigurationName = Release;
		};
/* End XCConfigurationList section */
	};
	rootObject = 21925E601AAACCBF002C66E2 /* Project object */;
}
